
Microsoft Visual Studio Solution File, Format Version 12.00
# Visual Studio 15
VisualStudioVersion = 15.0.28306.52
MinimumVisualStudioVersion = 10.0.40219.1
Project("{FAE04EC0-301F-11D3-BF4B-00C04F79EFBC}") = "NeuralNetwork", "NeuralNetwork\NeuralNetwork.csproj", "{A9CFD43B-07DE-43D4-8C52-99AD78E16A4A}"
EndProject
Global
	GlobalSection(SolutionConfigurationPlatforms) = preSolution
		Debug|Any CPU = Debug|Any CPU
		Release|Any CPU = Release|Any CPU
	EndGlobalSection
	GlobalSection(ProjectConfigurationPlatforms) = postSolution
		{A9CFD43B-07DE-43D4-8C52-99AD78E16A4A}.Debug|Any CPU.ActiveCfg = Debug|Any CPU
		{A9CFD43B-07DE-43D4-8C52-99AD78E16A4A}.Debug|Any CPU.Build.0 = Debug|Any CPU
		{A9CFD43B-07DE-43D4-8C52-99AD78E16A4A}.Release|Any CPU.ActiveCfg = Release|Any CPU
		{A9CFD43B-07DE-43D4-8C52-99AD78E16A4A}.Release|Any CPU.Build.0 = Release|Any CPU
	EndGlobalSection
	GlobalSection(SolutionProperties) = preSolution
		HideSolutionNode = FALSE
	EndGlobalSection
	GlobalSection(ExtensibilityGlobals) = postSolution
		SolutionGuid = {840D6389-9D84-4D4B-9CE1-4CD1355B4912}
	EndGlobalSection
EndGlobal
