
Microsoft Visual Studio Solution File, Format Version 12.00
# Visual Studio 15
VisualStudioVersion = 15.0.28306.52
MinimumVisualStudioVersion = 10.0.40219.1
Project("{FAE04EC0-301F-11D3-BF4B-00C04F79EFBC}") = "NeuralNetwork", "NeuralNetwork\NeuralNetwork.csproj", "{A9CFD43B-07DE-43D4-8C52-99AD78E16A4A}"
EndProject
Project("{FAE04EC0-301F-11D3-BF4B-00C04F79EFBC}") = "WeightsGenerator", "WeightsGenerator\WeightsGenerator.csproj", "{4C17B48A-01C5-4578-AB2B-6AB58D466C21}"
EndProject
Project("{FAE04EC0-301F-11D3-BF4B-00C04F79EFBC}") = "VectorCorrector", "VectorCorrector\VectorCorrector.csproj", "{A9F85E30-4E07-4682-9CA3-C037819FEF66}"
EndProject
Project("{FAE04EC0-301F-11D3-BF4B-00C04F79EFBC}") = "UniqueVectors", "UniqueVectors\UniqueVectors.csproj", "{AABE000B-A4BA-4008-A6F4-BFB56D0FCC9D}"
EndProject
Global
	GlobalSection(SolutionConfigurationPlatforms) = preSolution
		Debug|Any CPU = Debug|Any CPU
		Release|Any CPU = Release|Any CPU
	EndGlobalSection
	GlobalSection(ProjectConfigurationPlatforms) = postSolution
		{A9CFD43B-07DE-43D4-8C52-99AD78E16A4A}.Debug|Any CPU.ActiveCfg = Debug|Any CPU
		{A9CFD43B-07DE-43D4-8C52-99AD78E16A4A}.Debug|Any CPU.Build.0 = Debug|Any CPU
		{A9CFD43B-07DE-43D4-8C52-99AD78E16A4A}.Release|Any CPU.ActiveCfg = Release|Any CPU
		{A9CFD43B-07DE-43D4-8C52-99AD78E16A4A}.Release|Any CPU.Build.0 = Release|Any CPU
		{4C17B48A-01C5-4578-AB2B-6AB58D466C21}.Debug|Any CPU.ActiveCfg = Debug|Any CPU
		{4C17B48A-01C5-4578-AB2B-6AB58D466C21}.Debug|Any CPU.Build.0 = Debug|Any CPU
		{4C17B48A-01C5-4578-AB2B-6AB58D466C21}.Release|Any CPU.ActiveCfg = Release|Any CPU
		{4C17B48A-01C5-4578-AB2B-6AB58D466C21}.Release|Any CPU.Build.0 = Release|Any CPU
		{A9F85E30-4E07-4682-9CA3-C037819FEF66}.Debug|Any CPU.ActiveCfg = Debug|Any CPU
		{A9F85E30-4E07-4682-9CA3-C037819FEF66}.Debug|Any CPU.Build.0 = Debug|Any CPU
		{A9F85E30-4E07-4682-9CA3-C037819FEF66}.Release|Any CPU.ActiveCfg = Release|Any CPU
		{A9F85E30-4E07-4682-9CA3-C037819FEF66}.Release|Any CPU.Build.0 = Release|Any CPU
		{AABE000B-A4BA-4008-A6F4-BFB56D0FCC9D}.Debug|Any CPU.ActiveCfg = Debug|Any CPU
		{AABE000B-A4BA-4008-A6F4-BFB56D0FCC9D}.Debug|Any CPU.Build.0 = Debug|Any CPU
		{AABE000B-A4BA-4008-A6F4-BFB56D0FCC9D}.Release|Any CPU.ActiveCfg = Release|Any CPU
		{AABE000B-A4BA-4008-A6F4-BFB56D0FCC9D}.Release|Any CPU.Build.0 = Release|Any CPU
	EndGlobalSection
	GlobalSection(SolutionProperties) = preSolution
		HideSolutionNode = FALSE
	EndGlobalSection
	GlobalSection(ExtensibilityGlobals) = postSolution
		SolutionGuid = {840D6389-9D84-4D4B-9CE1-4CD1355B4912}
	EndGlobalSection
EndGlobal
